{
  "name": "sootsafe-app",
  "version": "0.1.0",
  "lockfileVersion": 1,
  "requires": true,
  "dependencies": {
    "google-protobuf": {
      "version": "3.4.0",
      "resolved": "https://registry.npmjs.org/google-protobuf/-/google-protobuf-3.4.0.tgz",
      "integrity": "sha512-8gq3CyAZFyHJ5dZ0Du/OztbwxEHhHTNOtfr1cSUQYuW6lsrKjMU2DETvOlxPpYNKZ7zAW4xEE7UWqrTxH7bG6Q=="
    },
    "ts-protoc-gen": {
      "version": "0.4.0",
      "resolved": "https://registry.npmjs.org/ts-protoc-gen/-/ts-protoc-gen-0.4.0.tgz",
      "integrity": "sha1-4I5s/sVf9L+HvwL3IHUZnIceAB8=",
      "requires": {
        "google-protobuf": "3.4.0"
      }
    }
  }
}
